// !$*UTF8*$!
{
	archiveVersion = 1;
	classes = {
	};
	objectVersion = 46;
	objects = {

/* Begin PBXBuildFile section */
		844FEC9A1E02B31C003FF7DF /* HomeViewController.swift in Sources */ = {isa = PBXBuildFile; fileRef = 844FEC991E02B31C003FF7DF /* HomeViewController.swift */; };
		849429DB1E03B31900B2D260 /* CheckinViewController.swift in Sources */ = {isa = PBXBuildFile; fileRef = 849429DA1E03B31900B2D260 /* CheckinViewController.swift */; };
		849429DD1E03F41B00B2D260 /* Play.swift in Sources */ = {isa = PBXBuildFile; fileRef = 849429DC1E03F41B00B2D260 /* Play.swift */; };
		849429DF1E0400D300B2D260 /* CheckinCell.swift in Sources */ = {isa = PBXBuildFile; fileRef = 849429DE1E0400D300B2D260 /* CheckinCell.swift */; };
		849429E11E040EB400B2D260 /* Constants.swift in Sources */ = {isa = PBXBuildFile; fileRef = 849429E01E040EB400B2D260 /* Constants.swift */; };
		8494D3FC1E027B79008AF519 /* AppDelegate.swift in Sources */ = {isa = PBXBuildFile; fileRef = 8494D3FB1E027B79008AF519 /* AppDelegate.swift */; };
		8494D4011E027B79008AF519 /* Main.storyboard in Resources */ = {isa = PBXBuildFile; fileRef = 8494D3FF1E027B79008AF519 /* Main.storyboard */; };
		8494D4041E027B79008AF519 /* Timely.xcdatamodeld in Sources */ = {isa = PBXBuildFile; fileRef = 8494D4021E027B79008AF519 /* Timely.xcdatamodeld */; };
		8494D4061E027B79008AF519 /* Assets.xcassets in Resources */ = {isa = PBXBuildFile; fileRef = 8494D4051E027B79008AF519 /* Assets.xcassets */; };
		8494D4091E027B79008AF519 /* LaunchScreen.storyboard in Resources */ = {isa = PBXBuildFile; fileRef = 8494D4071E027B79008AF519 /* LaunchScreen.storyboard */; };
		8494D4141E027B79008AF519 /* TimelyTests.swift in Sources */ = {isa = PBXBuildFile; fileRef = 8494D4131E027B79008AF519 /* TimelyTests.swift */; };
		8494D41F1E027B79008AF519 /* TimelyUITests.swift in Sources */ = {isa = PBXBuildFile; fileRef = 8494D41E1E027B79008AF519 /* TimelyUITests.swift */; };
/* End PBXBuildFile section */

/* Begin PBXContainerItemProxy section */
		8494D4101E027B79008AF519 /* PBXContainerItemProxy */ = {
			isa = PBXContainerItemProxy;
			containerPortal = 8494D3F01E027B79008AF519 /* Project object */;
			proxyType = 1;
			remoteGlobalIDString = 8494D3F71E027B79008AF519;
			remoteInfo = Timely;
		};
		8494D41B1E027B79008AF519 /* PBXContainerItemProxy */ = {
			isa = PBXContainerItemProxy;
			containerPortal = 8494D3F01E027B79008AF519 /* Project object */;
			proxyType = 1;
			remoteGlobalIDString = 8494D3F71E027B79008AF519;
			remoteInfo = Timely;
		};
/* End PBXContainerItemProxy section */

/* Begin PBXFileReference section */
		844FEC991E02B31C003FF7DF /* HomeViewController.swift */ = {isa = PBXFileReference; fileEncoding = 4; lastKnownFileType = sourcecode.swift; path = HomeViewController.swift; sourceTree = "<group>"; };
		849429DA1E03B31900B2D260 /* CheckinViewController.swift */ = {isa = PBXFileReference; fileEncoding = 4; lastKnownFileType = sourcecode.swift; path = CheckinViewController.swift; sourceTree = "<group>"; };
		849429DC1E03F41B00B2D260 /* Play.swift */ = {isa = PBXFileReference; fileEncoding = 4; lastKnownFileType = sourcecode.swift; path = Play.swift; sourceTree = "<group>"; };
		849429DE1E0400D300B2D260 /* CheckinCell.swift */ = {isa = PBXFileReference; fileEncoding = 4; lastKnownFileType = sourcecode.swift; path = CheckinCell.swift; sourceTree = "<group>"; };
		849429E01E040EB400B2D260 /* Constants.swift */ = {isa = PBXFileReference; fileEncoding = 4; lastKnownFileType = sourcecode.swift; path = Constants.swift; sourceTree = "<group>"; };
		8494D3F81E027B79008AF519 /* Timely.app */ = {isa = PBXFileReference; explicitFileType = wrapper.application; includeInIndex = 0; path = Timely.app; sourceTree = BUILT_PRODUCTS_DIR; };
		8494D3FB1E027B79008AF519 /* AppDelegate.swift */ = {isa = PBXFileReference; lastKnownFileType = sourcecode.swift; path = AppDelegate.swift; sourceTree = "<group>"; };
		8494D4001E027B79008AF519 /* Base */ = {isa = PBXFileReference; lastKnownFileType = file.storyboard; name = Base; path = Base.lproj/Main.storyboard; sourceTree = "<group>"; };
		8494D4031E027B79008AF519 /* Timely.xcdatamodel */ = {isa = PBXFileReference; lastKnownFileType = wrapper.xcdatamodel; path = Timely.xcdatamodel; sourceTree = "<group>"; };
		8494D4051E027B79008AF519 /* Assets.xcassets */ = {isa = PBXFileReference; lastKnownFileType = folder.assetcatalog; path = Assets.xcassets; sourceTree = "<group>"; };
		8494D4081E027B79008AF519 /* Base */ = {isa = PBXFileReference; lastKnownFileType = file.storyboard; name = Base; path = Base.lproj/LaunchScreen.storyboard; sourceTree = "<group>"; };
		8494D40A1E027B79008AF519 /* Info.plist */ = {isa = PBXFileReference; lastKnownFileType = text.plist.xml; path = Info.plist; sourceTree = "<group>"; };
		8494D40F1E027B79008AF519 /* TimelyTests.xctest */ = {isa = PBXFileReference; explicitFileType = wrapper.cfbundle; includeInIndex = 0; path = TimelyTests.xctest; sourceTree = BUILT_PRODUCTS_DIR; };
		8494D4131E027B79008AF519 /* TimelyTests.swift */ = {isa = PBXFileReference; lastKnownFileType = sourcecode.swift; path = TimelyTests.swift; sourceTree = "<group>"; };
		8494D4151E027B79008AF519 /* Info.plist */ = {isa = PBXFileReference; lastKnownFileType = text.plist.xml; path = Info.plist; sourceTree = "<group>"; };
		8494D41A1E027B79008AF519 /* TimelyUITests.xctest */ = {isa = PBXFileReference; explicitFileType = wrapper.cfbundle; includeInIndex = 0; path = TimelyUITests.xctest; sourceTree = BUILT_PRODUCTS_DIR; };
		8494D41E1E027B79008AF519 /* TimelyUITests.swift */ = {isa = PBXFileReference; lastKnownFileType = sourcecode.swift; path = TimelyUITests.swift; sourceTree = "<group>"; };
		8494D4201E027B79008AF519 /* Info.plist */ = {isa = PBXFileReference; lastKnownFileType = text.plist.xml; path = Info.plist; sourceTree = "<group>"; };
/* End PBXFileReference section */

/* Begin PBXFrameworksBuildPhase section */
		8494D3F51E027B79008AF519 /* Frameworks */ = {
			isa = PBXFrameworksBuildPhase;
			buildActionMask = 2147483647;
			files = (
			);
			runOnlyForDeploymentPostprocessing = 0;
		};
		8494D40C1E027B79008AF519 /* Frameworks */ = {
			isa = PBXFrameworksBuildPhase;
			buildActionMask = 2147483647;
			files = (
			);
			runOnlyForDeploymentPostprocessing = 0;
		};
		8494D4171E027B79008AF519 /* Frameworks */ = {
			isa = PBXFrameworksBuildPhase;
			buildActionMask = 2147483647;
			files = (
			);
			runOnlyForDeploymentPostprocessing = 0;
		};
/* End PBXFrameworksBuildPhase section */

/* Begin PBXGroup section */
		8494D3EF1E027B79008AF519 = {
			isa = PBXGroup;
			children = (
				8494D3FA1E027B79008AF519 /* Timely */,
				8494D4121E027B79008AF519 /* TimelyTests */,
				8494D41D1E027B79008AF519 /* TimelyUITests */,
				8494D3F91E027B79008AF519 /* Products */,
			);
			sourceTree = "<group>";
		};
		8494D3F91E027B79008AF519 /* Products */ = {
			isa = PBXGroup;
			children = (
				8494D3F81E027B79008AF519 /* Timely.app */,
				8494D40F1E027B79008AF519 /* TimelyTests.xctest */,
				8494D41A1E027B79008AF519 /* TimelyUITests.xctest */,
			);
			name = Products;
			sourceTree = "<group>";
		};
		8494D3FA1E027B79008AF519 /* Timely */ = {
			isa = PBXGroup;
			children = (
				8494D3FB1E027B79008AF519 /* AppDelegate.swift */,
				844FEC991E02B31C003FF7DF /* HomeViewController.swift */,
				8494D3FF1E027B79008AF519 /* Main.storyboard */,
				849429E01E040EB400B2D260 /* Constants.swift */,
				849429DE1E0400D300B2D260 /* CheckinCell.swift */,
				8494D4051E027B79008AF519 /* Assets.xcassets */,
				8494D4071E027B79008AF519 /* LaunchScreen.storyboard */,
				8494D40A1E027B79008AF519 /* Info.plist */,
				8494D4021E027B79008AF519 /* Timely.xcdatamodeld */,
				849429DA1E03B31900B2D260 /* CheckinViewController.swift */,
				849429DC1E03F41B00B2D260 /* Play.swift */,
			);
			path = Timely;
			sourceTree = "<group>";
		};
		8494D4121E027B79008AF519 /* TimelyTests */ = {
			isa = PBXGroup;
			children = (
				8494D4131E027B79008AF519 /* TimelyTests.swift */,
				8494D4151E027B79008AF519 /* Info.plist */,
			);
			path = TimelyTests;
			sourceTree = "<group>";
		};
		8494D41D1E027B79008AF519 /* TimelyUITests */ = {
			isa = PBXGroup;
			children = (
				8494D41E1E027B79008AF519 /* TimelyUITests.swift */,
				8494D4201E027B79008AF519 /* Info.plist */,
			);
			path = TimelyUITests;
			sourceTree = "<group>";
		};
/* End PBXGroup section */

/* Begin PBXNativeTarget section */
		8494D3F71E027B79008AF519 /* Timely */ = {
			isa = PBXNativeTarget;
			buildConfigurationList = 8494D4231E027B79008AF519 /* Build configuration list for PBXNativeTarget "Timely" */;
			buildPhases = (
				8494D3F41E027B79008AF519 /* Sources */,
				8494D3F51E027B79008AF519 /* Frameworks */,
				8494D3F61E027B79008AF519 /* Resources */,
			);
			buildRules = (
			);
			dependencies = (
			);
			name = Timely;
			productName = Timely;
			productReference = 8494D3F81E027B79008AF519 /* Timely.app */;
			productType = "com.apple.product-type.application";
		};
		8494D40E1E027B79008AF519 /* TimelyTests */ = {
			isa = PBXNativeTarget;
			buildConfigurationList = 8494D4261E027B79008AF519 /* Build configuration list for PBXNativeTarget "TimelyTests" */;
			buildPhases = (
				8494D40B1E027B79008AF519 /* Sources */,
				8494D40C1E027B79008AF519 /* Frameworks */,
				8494D40D1E027B79008AF519 /* Resources */,
			);
			buildRules = (
			);
			dependencies = (
				8494D4111E027B79008AF519 /* PBXTargetDependency */,
			);
			name = TimelyTests;
			productName = TimelyTests;
			productReference = 8494D40F1E027B79008AF519 /* TimelyTests.xctest */;
			productType = "com.apple.product-type.bundle.unit-test";
		};
		8494D4191E027B79008AF519 /* TimelyUITests */ = {
			isa = PBXNativeTarget;
			buildConfigurationList = 8494D4291E027B79008AF519 /* Build configuration list for PBXNativeTarget "TimelyUITests" */;
			buildPhases = (
				8494D4161E027B79008AF519 /* Sources */,
				8494D4171E027B79008AF519 /* Frameworks */,
				8494D4181E027B79008AF519 /* Resources */,
			);
			buildRules = (
			);
			dependencies = (
				8494D41C1E027B79008AF519 /* PBXTargetDependency */,
			);
			name = TimelyUITests;
			productName = TimelyUITests;
			productReference = 8494D41A1E027B79008AF519 /* TimelyUITests.xctest */;
			productType = "com.apple.product-type.bundle.ui-testing";
		};
/* End PBXNativeTarget section */

/* Begin PBXProject section */
		8494D3F01E027B79008AF519 /* Project object */ = {
			isa = PBXProject;
			attributes = {
				LastSwiftUpdateCheck = 0820;
				LastUpgradeCheck = 0820;
				ORGANIZATIONNAME = admin;
				TargetAttributes = {
					8494D3F71E027B79008AF519 = {
						CreatedOnToolsVersion = 8.2;
						ProvisioningStyle = Automatic;
					};
					8494D40E1E027B79008AF519 = {
						CreatedOnToolsVersion = 8.2;
						ProvisioningStyle = Automatic;
						TestTargetID = 8494D3F71E027B79008AF519;
					};
					8494D4191E027B79008AF519 = {
						CreatedOnToolsVersion = 8.2;
						ProvisioningStyle = Automatic;
						TestTargetID = 8494D3F71E027B79008AF519;
					};
				};
			};
			buildConfigurationList = 8494D3F31E027B79008AF519 /* Build configuration list for PBXProject "Timely" */;
			compatibilityVersion = "Xcode 3.2";
			developmentRegion = English;
			hasScannedForEncodings = 0;
			knownRegions = (
				en,
				Base,
			);
			mainGroup = 8494D3EF1E027B79008AF519;
			productRefGroup = 8494D3F91E027B79008AF519 /* Products */;
			projectDirPath = "";
			projectRoot = "";
			targets = (
				8494D3F71E027B79008AF519 /* Timely */,
				8494D40E1E027B79008AF519 /* TimelyTests */,
				8494D4191E027B79008AF519 /* TimelyUITests */,
			);
		};
/* End PBXProject section */

/* Begin PBXResourcesBuildPhase section */
		8494D3F61E027B79008AF519 /* Resources */ = {
			isa = PBXResourcesBuildPhase;
			buildActionMask = 2147483647;
			files = (
				8494D4091E027B79008AF519 /* LaunchScreen.storyboard in Resources */,
				8494D4061E027B79008AF519 /* Assets.xcassets in Resources */,
				8494D4011E027B79008AF519 /* Main.storyboard in Resources */,
			);
			runOnlyForDeploymentPostprocessing = 0;
		};
		8494D40D1E027B79008AF519 /* Resources */ = {
			isa = PBXResourcesBuildPhase;
			buildActionMask = 2147483647;
			files = (
			);
			runOnlyForDeploymentPostprocessing = 0;
		};
		8494D4181E027B79008AF519 /* Resources */ = {
			isa = PBXResourcesBuildPhase;
			buildActionMask = 2147483647;
			files = (
			);
			runOnlyForDeploymentPostprocessing = 0;
		};
/* End PBXResourcesBuildPhase section */

/* Begin PBXSourcesBuildPhase section */
		8494D3F41E027B79008AF519 /* Sources */ = {
			isa = PBXSourcesBuildPhase;
			buildActionMask = 2147483647;
			files = (
				8494D4041E027B79008AF519 /* Timely.xcdatamodeld in Sources */,
				849429DF1E0400D300B2D260 /* CheckinCell.swift in Sources */,
				8494D3FC1E027B79008AF519 /* AppDelegate.swift in Sources */,
				849429DB1E03B31900B2D260 /* CheckinViewController.swift in Sources */,
				849429E11E040EB400B2D260 /* Constants.swift in Sources */,
				844FEC9A1E02B31C003FF7DF /* HomeViewController.swift in Sources */,
				849429DD1E03F41B00B2D260 /* Play.swift in Sources */,
			);
			runOnlyForDeploymentPostprocessing = 0;
		};
		8494D40B1E027B79008AF519 /* Sources */ = {
			isa = PBXSourcesBuildPhase;
			buildActionMask = 2147483647;
			files = (
				8494D4141E027B79008AF519 /* TimelyTests.swift in Sources */,
			);
			runOnlyForDeploymentPostprocessing = 0;
		};
		8494D4161E027B79008AF519 /* Sources */ = {
			isa = PBXSourcesBuildPhase;
			buildActionMask = 2147483647;
			files = (
				8494D41F1E027B79008AF519 /* TimelyUITests.swift in Sources */,
			);
			runOnlyForDeploymentPostprocessing = 0;
		};
/* End PBXSourcesBuildPhase section */

/* Begin PBXTargetDependency section */
		8494D4111E027B79008AF519 /* PBXTargetDependency */ = {
			isa = PBXTargetDependency;
			target = 8494D3F71E027B79008AF519 /* Timely */;
			targetProxy = 8494D4101E027B79008AF519 /* PBXContainerItemProxy */;
		};
		8494D41C1E027B79008AF519 /* PBXTargetDependency */ = {
			isa = PBXTargetDependency;
			target = 8494D3F71E027B79008AF519 /* Timely */;
			targetProxy = 8494D41B1E027B79008AF519 /* PBXContainerItemProxy */;
		};
/* End PBXTargetDependency section */

/* Begin PBXVariantGroup section */
		8494D3FF1E027B79008AF519 /* Main.storyboard */ = {
			isa = PBXVariantGroup;
			children = (
				8494D4001E027B79008AF519 /* Base */,
			);
			name = Main.storyboard;
			sourceTree = "<group>";
		};
		8494D4071E027B79008AF519 /* LaunchScreen.storyboard */ = {
			isa = PBXVariantGroup;
			children = (
				8494D4081E027B79008AF519 /* Base */,
			);
			name = LaunchScreen.storyboard;
			sourceTree = "<group>";
		};
/* End PBXVariantGroup section */

/* Begin XCBuildConfiguration section */
		8494D4211E027B79008AF519 /* Debug */ = {
			isa = XCBuildConfiguration;
			buildSettings = {
				ALWAYS_SEARCH_USER_PATHS = NO;
				CLANG_ANALYZER_NONNULL = YES;
				CLANG_CXX_LANGUAGE_STANDARD = "gnu++0x";
				CLANG_CXX_LIBRARY = "libc++";
				CLANG_ENABLE_MODULES = YES;
				CLANG_ENABLE_OBJC_ARC = YES;
				CLANG_WARN_BOOL_CONVERSION = YES;
				CLANG_WARN_CONSTANT_CONVERSION = YES;
				CLANG_WARN_DIRECT_OBJC_ISA_USAGE = YES_ERROR;
				CLANG_WARN_DOCUMENTATION_COMMENTS = YES;
				CLANG_WARN_EMPTY_BODY = YES;
				CLANG_WARN_ENUM_CONVERSION = YES;
				CLANG_WARN_INFINITE_RECURSION = YES;
				CLANG_WARN_INT_CONVERSION = YES;
				CLANG_WARN_OBJC_ROOT_CLASS = YES_ERROR;
				CLANG_WARN_SUSPICIOUS_MOVE = YES;
				CLANG_WARN_UNREACHABLE_CODE = YES;
				CLANG_WARN__DUPLICATE_METHOD_MATCH = YES;
				"CODE_SIGN_IDENTITY[sdk=iphoneos*]" = "iPhone Developer";
				COPY_PHASE_STRIP = NO;
				DEBUG_INFORMATION_FORMAT = dwarf;
				ENABLE_STRICT_OBJC_MSGSEND = YES;
				ENABLE_TESTABILITY = YES;
				GCC_C_LANGUAGE_STANDARD = gnu99;
				GCC_DYNAMIC_NO_PIC = NO;
				GCC_NO_COMMON_BLOCKS = YES;
				GCC_OPTIMIZATION_LEVEL = 0;
				GCC_PREPROCESSOR_DEFINITIONS = (
					"DEBUG=1",
					"$(inherited)",
				);
				GCC_WARN_64_TO_32_BIT_CONVERSION = YES;
				GCC_WARN_ABOUT_RETURN_TYPE = YES_ERROR;
				GCC_WARN_UNDECLARED_SELECTOR = YES;
				GCC_WARN_UNINITIALIZED_AUTOS = YES_AGGRESSIVE;
				GCC_WARN_UNUSED_FUNCTION = YES;
				GCC_WARN_UNUSED_VARIABLE = YES;
				IPHONEOS_DEPLOYMENT_TARGET = 10.2;
				MTL_ENABLE_DEBUG_INFO = YES;
				ONLY_ACTIVE_ARCH = YES;
				SDKROOT = iphoneos;
				SWIFT_ACTIVE_COMPILATION_CONDITIONS = DEBUG;
				SWIFT_OPTIMIZATION_LEVEL = "-Onone";
				TARGETED_DEVICE_FAMILY = "1,2";
			};
			name = Debug;
		};
		8494D4221E027B79008AF519 /* Release */ = {
			isa = XCBuildConfiguration;
			buildSettings = {
				ALWAYS_SEARCH_USER_PATHS = NO;
				CLANG_ANALYZER_NONNULL = YES;
				CLANG_CXX_LANGUAGE_STANDARD = "gnu++0x";
				CLANG_CXX_LIBRARY = "libc++";
				CLANG_ENABLE_MODULES = YES;
				CLANG_ENABLE_OBJC_ARC = YES;
				CLANG_WARN_BOOL_CONVERSION = YES;
				CLANG_WARN_CONSTANT_CONVERSION = YES;
				CLANG_WARN_DIRECT_OBJC_ISA_USAGE = YES_ERROR;
				CLANG_WARN_DOCUMENTATION_COMMENTS = YES;
				CLANG_WARN_EMPTY_BODY = YES;
				CLANG_WARN_ENUM_CONVERSION = YES;
				CLANG_WARN_INFINITE_RECURSION = YES;
				CLANG_WARN_INT_CONVERSION = YES;
				CLANG_WARN_OBJC_ROOT_CLASS = YES_ERROR;
				CLANG_WARN_SUSPICIOUS_MOVE = YES;
				CLANG_WARN_UNREACHABLE_CODE = YES;
				CLANG_WARN__DUPLICATE_METHOD_MATCH = YES;
				"CODE_SIGN_IDENTITY[sdk=iphoneos*]" = "iPhone Developer";
				COPY_PHASE_STRIP = NO;
				DEBUG_INFORMATION_FORMAT = "dwarf-with-dsym";
				ENABLE_NS_ASSERTIONS = NO;
				ENABLE_STRICT_OBJC_MSGSEND = YES;
				GCC_C_LANGUAGE_STANDARD = gnu99;
				GCC_NO_COMMON_BLOCKS = YES;
				GCC_WARN_64_TO_32_BIT_CONVERSION = YES;
				GCC_WARN_ABOUT_RETURN_TYPE = YES_ERROR;
				GCC_WARN_UNDECLARED_SELECTOR = YES;
				GCC_WARN_UNINITIALIZED_AUTOS = YES_AGGRESSIVE;
				GCC_WARN_UNUSED_FUNCTION = YES;
				GCC_WARN_UNUSED_VARIABLE = YES;
				IPHONEOS_DEPLOYMENT_TARGET = 10.2;
				MTL_ENABLE_DEBUG_INFO = NO;
				SDKROOT = iphoneos;
				SWIFT_OPTIMIZATION_LEVEL = "-Owholemodule";
				TARGETED_DEVICE_FAMILY = "1,2";
				VALIDATE_PRODUCT = YES;
			};
			name = Release;
		};
		8494D4241E027B79008AF519 /* Debug */ = {
			isa = XCBuildConfiguration;
			buildSettings = {
				ASSETCATALOG_COMPILER_APPICON_NAME = AppIcon;
				INFOPLIST_FILE = Timely/Info.plist;
				LD_RUNPATH_SEARCH_PATHS = "$(inherited) @executable_path/Frameworks";
				PRODUCT_BUNDLE_IDENTIFIER = com.orange.Timely;
				PRODUCT_NAME = "$(TARGET_NAME)";
				SWIFT_VERSION = 3.0;
			};
			name = Debug;
		};
		8494D4251E027B79008AF519 /* Release */ = {
			isa = XCBuildConfiguration;
			buildSettings = {
				ASSETCATALOG_COMPILER_APPICON_NAME = AppIcon;
				INFOPLIST_FILE = Timely/Info.plist;
				LD_RUNPATH_SEARCH_PATHS = "$(inherited) @executable_path/Frameworks";
				PRODUCT_BUNDLE_IDENTIFIER = com.orange.Timely;
				PRODUCT_NAME = "$(TARGET_NAME)";
				SWIFT_VERSION = 3.0;
			};
			name = Release;
		};
		8494D4271E027B79008AF519 /* Debug */ = {
			isa = XCBuildConfiguration;
			buildSettings = {
				ALWAYS_EMBED_SWIFT_STANDARD_LIBRARIES = YES;
				BUNDLE_LOADER = "$(TEST_HOST)";
				INFOPLIST_FILE = TimelyTests/Info.plist;
				LD_RUNPATH_SEARCH_PATHS = "$(inherited) @executable_path/Frameworks @loader_path/Frameworks";
				PRODUCT_BUNDLE_IDENTIFIER = com.orange.TimelyTests;
				PRODUCT_NAME = "$(TARGET_NAME)";
				SWIFT_VERSION = 3.0;
				TEST_HOST = "$(BUILT_PRODUCTS_DIR)/Timely.app/Timely";
			};
			name = Debug;
		};
		8494D4281E027B79008AF519 /* Release */ = {
			isa = XCBuildConfiguration;
			buildSettings = {
				ALWAYS_EMBED_SWIFT_STANDARD_LIBRARIES = YES;
				BUNDLE_LOADER = "$(TEST_HOST)";
				INFOPLIST_FILE = TimelyTests/Info.plist;
				LD_RUNPATH_SEARCH_PATHS = "$(inherited) @executable_path/Frameworks @loader_path/Frameworks";
				PRODUCT_BUNDLE_IDENTIFIER = com.orange.TimelyTests;
				PRODUCT_NAME = "$(TARGET_NAME)";
				SWIFT_VERSION = 3.0;
				TEST_HOST = "$(BUILT_PRODUCTS_DIR)/Timely.app/Timely";
			};
			name = Release;
		};
		8494D42A1E027B79008AF519 /* Debug */ = {
			isa = XCBuildConfiguration;
			buildSettings = {
				ALWAYS_EMBED_SWIFT_STANDARD_LIBRARIES = YES;
				INFOPLIST_FILE = TimelyUITests/Info.plist;
				LD_RUNPATH_SEARCH_PATHS = "$(inherited) @executable_path/Frameworks @loader_path/Frameworks";
				PRODUCT_BUNDLE_IDENTIFIER = com.orange.TimelyUITests;
				PRODUCT_NAME = "$(TARGET_NAME)";
				SWIFT_VERSION = 3.0;
				TEST_TARGET_NAME = Timely;
			};
			name = Debug;
		};
		8494D42B1E027B79008AF519 /* Release */ = {
			isa = XCBuildConfiguration;
			buildSettings = {
				ALWAYS_EMBED_SWIFT_STANDARD_LIBRARIES = YES;
				INFOPLIST_FILE = TimelyUITests/Info.plist;
				LD_RUNPATH_SEARCH_PATHS = "$(inherited) @executable_path/Frameworks @loader_path/Frameworks";
				PRODUCT_BUNDLE_IDENTIFIER = com.orange.TimelyUITests;
				PRODUCT_NAME = "$(TARGET_NAME)";
				SWIFT_VERSION = 3.0;
				TEST_TARGET_NAME = Timely;
			};
			name = Release;
		};
/* End XCBuildConfiguration section */

/* Begin XCConfigurationList section */
		8494D3F31E027B79008AF519 /* Build configuration list for PBXProject "Timely" */ = {
			isa = XCConfigurationList;
			buildConfigurations = (
				8494D4211E027B79008AF519 /* Debug */,
				8494D4221E027B79008AF519 /* Release */,
			);
			defaultConfigurationIsVisible = 0;
			defaultConfigurationName = Release;
		};
		8494D4231E027B79008AF519 /* Build configuration list for PBXNativeTarget "Timely" */ = {
			isa = XCConfigurationList;
			buildConfigurations = (
				8494D4241E027B79008AF519 /* Debug */,
				8494D4251E027B79008AF519 /* Release */,
			);
			defaultConfigurationIsVisible = 0;
			defaultConfigurationName = Release;
		};
		8494D4261E027B79008AF519 /* Build configuration list for PBXNativeTarget "TimelyTests" */ = {
			isa = XCConfigurationList;
			buildConfigurations = (
				8494D4271E027B79008AF519 /* Debug */,
				8494D4281E027B79008AF519 /* Release */,
			);
			defaultConfigurationIsVisible = 0;
			defaultConfigurationName = Release;
		};
		8494D4291E027B79008AF519 /* Build configuration list for PBXNativeTarget "TimelyUITests" */ = {
			isa = XCConfigurationList;
			buildConfigurations = (
				8494D42A1E027B79008AF519 /* Debug */,
				8494D42B1E027B79008AF519 /* Release */,
			);
			defaultConfigurationIsVisible = 0;
			defaultConfigurationName = Release;
		};
/* End XCConfigurationList section */

/* Begin XCVersionGroup section */
		8494D4021E027B79008AF519 /* Timely.xcdatamodeld */ = {
			isa = XCVersionGroup;
			children = (
				8494D4031E027B79008AF519 /* Timely.xcdatamodel */,
			);
			currentVersion = 8494D4031E027B79008AF519 /* Timely.xcdatamodel */;
			path = Timely.xcdatamodeld;
			sourceTree = "<group>";
			versionGroupType = wrapper.xcdatamodel;
		};
/* End XCVersionGroup section */
	};
	rootObject = 8494D3F01E027B79008AF519 /* Project object */;
}
